
Microsoft Visual Studio Solution File, Format Version 12.00
# Visual Studio Version 17
VisualStudioVersion = 17.9.34728.123
MinimumVisualStudioVersion = 10.0.40219.1
Project("{FAE04EC0-301F-11D3-BF4B-00C04F79EFBC}") = "computerseekho", "computerseekho\computerseekho.csproj", "{AE3CFB2D-2DB2-4963-A9CE-622144051F7F}"
EndProject
Global
	GlobalSection(SolutionConfigurationPlatforms) = preSolution
		Debug|Any CPU = Debug|Any CPU
		Release|Any CPU = Release|Any CPU
	EndGlobalSection
	GlobalSection(ProjectConfigurationPlatforms) = postSolution
		{AE3CFB2D-2DB2-4963-A9CE-622144051F7F}.Debug|Any CPU.ActiveCfg = Debug|Any CPU
		{AE3CFB2D-2DB2-4963-A9CE-622144051F7F}.Debug|Any CPU.Build.0 = Debug|Any CPU
		{AE3CFB2D-2DB2-4963-A9CE-622144051F7F}.Release|Any CPU.ActiveCfg = Release|Any CPU
		{AE3CFB2D-2DB2-4963-A9CE-622144051F7F}.Release|Any CPU.Build.0 = Release|Any CPU
	EndGlobalSection
	GlobalSection(SolutionProperties) = preSolution
		HideSolutionNode = FALSE
	EndGlobalSection
	GlobalSection(ExtensibilityGlobals) = postSolution
		SolutionGuid = {D5E66B24-ECF9-422B-BE2A-D1CAA6184E64}
	EndGlobalSection
EndGlobal
